
Microsoft Visual Studio Solution File, Format Version 12.00
Project("{2150E333-8FDC-42A3-9474-1A3956D46DE8}") = "Scripts", "Scripts", "{D689F165-A3A5-4E64-9B85-D6BD0CBB7EFD}"
EndProject
Project("{2150E333-8FDC-42A3-9474-1A3956D46DE8}") = "Source", "Source", "{B8605657-17AC-47F6-9929-8CF7618F1C3F}"
EndProject
Project("{2150E333-8FDC-42A3-9474-1A3956D46DE8}") = "Tests", "Tests", "{816CDA01-FD37-4D77-94B7-5535F6E42BC2}"
EndProject
Project("{2150E333-8FDC-42A3-9474-1A3956D46DE8}") = "Dependencies", "Dependencies", "{90463EA7-4F35-4DA9-9E57-15E64A299068}"
EndProject
Project("{2150E333-8FDC-42A3-9474-1A3956D46DE8}") = "Application", "Application", "{B70C3306-5C35-461D-ABDD-9ECF80A19A2C}"
ProjectSection(SolutionItems) = preProject
	Source\Application\README.md = Source\Application\README.md
EndProjectSection
EndProject
Project("{2150E333-8FDC-42A3-9474-1A3956D46DE8}") = "Infrastructure", "Infrastructure", "{5998BB59-2ACC-4A93-8819-56A8F7404B38}"
EndProject
Project("{2150E333-8FDC-42A3-9474-1A3956D46DE8}") = "Domain", "Domain", "{150DDC80-7858-4AB2-BE6B-506C5A55AD48}"
EndProject
Project("{2150E333-8FDC-42A3-9474-1A3956D46DE8}") = "Presentation", "Presentation", "{A48FDEF9-1DA4-4BAE-B487-5F3B4AFDD1C4}"
EndProject
Project("{FAE04EC0-301F-11D3-BF4B-00C04F79EFBC}") = "Entity.Model", "Source\Domain\Entity.Model\Entity.Model.csproj", "{4068FD9F-70C7-4273-AC53-9867A4281395}"
EndProject
Project("{FAE04EC0-301F-11D3-BF4B-00C04F79EFBC}") = "Repository.Generics.Design", "Source\Infrastructure\Repository.Generics.Design\Repository.Generics.Design.csproj", "{2D4090BD-883B-49C4-A8B1-90729A123637}"
EndProject
Project("{FAE04EC0-301F-11D3-BF4B-00C04F79EFBC}") = "Repository.Generics.EntityFramework", "Source\Infrastructure\Repository.Generics.EntityFramework\Repository.Generics.EntityFramework.csproj", "{03C2CDEA-2B52-4F3D-899D-262562034CB0}"
EndProject
Project("{FAE04EC0-301F-11D3-BF4B-00C04F79EFBC}") = "UnitOfWork.Design", "Source\Infrastructure\UnitOfWork.Design\UnitOfWork.Design.csproj", "{D85950F7-A3B3-45AB-80E8-9BF0BE1FDE8C}"
EndProject
Project("{FAE04EC0-301F-11D3-BF4B-00C04F79EFBC}") = "UnitOfWork.EntityFramework", "Source\Infrastructure\UnitOfWork.EntityFramework\UnitOfWork.EntityFramework.csproj", "{F6E322A3-C2C9-4946-BC6E-D28096B6A63F}"
EndProject
Project("{FAE04EC0-301F-11D3-BF4B-00C04F79EFBC}") = "Application.Repository.Design", "Source\Infrastructure\Application.Repository.Design\Application.Repository.Design.csproj", "{D50E3C25-7A0F-4602-BA5D-F05518270CF5}"
EndProject
Project("{FAE04EC0-301F-11D3-BF4B-00C04F79EFBC}") = "Application.DataAccess", "Source\Infrastructure\Application.DataAccess\Application.DataAccess.csproj", "{9F6918DB-1148-42DD-8201-86FDE9204EFA}"
EndProject
Project("{FAE04EC0-301F-11D3-BF4B-00C04F79EFBC}") = "Linechart.Design", "Source\Presentation\Linechart.Design\Linechart.Design.csproj", "{9A820288-9F73-4294-9E27-C5924CF2020F}"
EndProject
Project("{FAE04EC0-301F-11D3-BF4B-00C04F79EFBC}") = "Linechart.Generics", "Source\Presentation\Linechart.Generics\Linechart.Generics.csproj", "{22F1E16B-CCF2-459D-84E5-5A2C1CDA897C}"
EndProject
Project("{FAE04EC0-301F-11D3-BF4B-00C04F79EFBC}") = "Web", "Source\Presentation\Web\Web.csproj", "{66B74833-0F7E-47C4-A9A3-C8FAB3FD3CC1}"
EndProject
Global
	GlobalSection(SolutionConfigurationPlatforms) = preSolution
		Debug|Any CPU = Debug|Any CPU
		Release|Any CPU = Release|Any CPU
	EndGlobalSection
	GlobalSection(NestedProjects) = preSolution
		{B70C3306-5C35-461D-ABDD-9ECF80A19A2C} = {B8605657-17AC-47F6-9929-8CF7618F1C3F}
		{5998BB59-2ACC-4A93-8819-56A8F7404B38} = {B8605657-17AC-47F6-9929-8CF7618F1C3F}
		{150DDC80-7858-4AB2-BE6B-506C5A55AD48} = {B8605657-17AC-47F6-9929-8CF7618F1C3F}
		{A48FDEF9-1DA4-4BAE-B487-5F3B4AFDD1C4} = {B8605657-17AC-47F6-9929-8CF7618F1C3F}
		{4068FD9F-70C7-4273-AC53-9867A4281395} = {150DDC80-7858-4AB2-BE6B-506C5A55AD48}
		{2D4090BD-883B-49C4-A8B1-90729A123637} = {5998BB59-2ACC-4A93-8819-56A8F7404B38}
		{03C2CDEA-2B52-4F3D-899D-262562034CB0} = {5998BB59-2ACC-4A93-8819-56A8F7404B38}
		{D85950F7-A3B3-45AB-80E8-9BF0BE1FDE8C} = {5998BB59-2ACC-4A93-8819-56A8F7404B38}
		{F6E322A3-C2C9-4946-BC6E-D28096B6A63F} = {5998BB59-2ACC-4A93-8819-56A8F7404B38}
		{D50E3C25-7A0F-4602-BA5D-F05518270CF5} = {5998BB59-2ACC-4A93-8819-56A8F7404B38}
		{9F6918DB-1148-42DD-8201-86FDE9204EFA} = {5998BB59-2ACC-4A93-8819-56A8F7404B38}
		{9A820288-9F73-4294-9E27-C5924CF2020F} = {A48FDEF9-1DA4-4BAE-B487-5F3B4AFDD1C4}
		{22F1E16B-CCF2-459D-84E5-5A2C1CDA897C} = {A48FDEF9-1DA4-4BAE-B487-5F3B4AFDD1C4}
		{66B74833-0F7E-47C4-A9A3-C8FAB3FD3CC1} = {A48FDEF9-1DA4-4BAE-B487-5F3B4AFDD1C4}
	EndGlobalSection
	GlobalSection(ProjectConfigurationPlatforms) = postSolution
		{4068FD9F-70C7-4273-AC53-9867A4281395}.Debug|Any CPU.ActiveCfg = Debug|Any CPU
		{4068FD9F-70C7-4273-AC53-9867A4281395}.Debug|Any CPU.Build.0 = Debug|Any CPU
		{4068FD9F-70C7-4273-AC53-9867A4281395}.Release|Any CPU.ActiveCfg = Release|Any CPU
		{4068FD9F-70C7-4273-AC53-9867A4281395}.Release|Any CPU.Build.0 = Release|Any CPU
		{2D4090BD-883B-49C4-A8B1-90729A123637}.Debug|Any CPU.ActiveCfg = Debug|Any CPU
		{2D4090BD-883B-49C4-A8B1-90729A123637}.Debug|Any CPU.Build.0 = Debug|Any CPU
		{2D4090BD-883B-49C4-A8B1-90729A123637}.Release|Any CPU.ActiveCfg = Release|Any CPU
		{2D4090BD-883B-49C4-A8B1-90729A123637}.Release|Any CPU.Build.0 = Release|Any CPU
		{03C2CDEA-2B52-4F3D-899D-262562034CB0}.Debug|Any CPU.ActiveCfg = Debug|Any CPU
		{03C2CDEA-2B52-4F3D-899D-262562034CB0}.Debug|Any CPU.Build.0 = Debug|Any CPU
		{03C2CDEA-2B52-4F3D-899D-262562034CB0}.Release|Any CPU.ActiveCfg = Release|Any CPU
		{03C2CDEA-2B52-4F3D-899D-262562034CB0}.Release|Any CPU.Build.0 = Release|Any CPU
		{D85950F7-A3B3-45AB-80E8-9BF0BE1FDE8C}.Debug|Any CPU.ActiveCfg = Debug|Any CPU
		{D85950F7-A3B3-45AB-80E8-9BF0BE1FDE8C}.Debug|Any CPU.Build.0 = Debug|Any CPU
		{D85950F7-A3B3-45AB-80E8-9BF0BE1FDE8C}.Release|Any CPU.ActiveCfg = Release|Any CPU
		{D85950F7-A3B3-45AB-80E8-9BF0BE1FDE8C}.Release|Any CPU.Build.0 = Release|Any CPU
		{F6E322A3-C2C9-4946-BC6E-D28096B6A63F}.Debug|Any CPU.ActiveCfg = Debug|Any CPU
		{F6E322A3-C2C9-4946-BC6E-D28096B6A63F}.Debug|Any CPU.Build.0 = Debug|Any CPU
		{F6E322A3-C2C9-4946-BC6E-D28096B6A63F}.Release|Any CPU.ActiveCfg = Release|Any CPU
		{F6E322A3-C2C9-4946-BC6E-D28096B6A63F}.Release|Any CPU.Build.0 = Release|Any CPU
		{D50E3C25-7A0F-4602-BA5D-F05518270CF5}.Debug|Any CPU.ActiveCfg = Debug|Any CPU
		{D50E3C25-7A0F-4602-BA5D-F05518270CF5}.Debug|Any CPU.Build.0 = Debug|Any CPU
		{D50E3C25-7A0F-4602-BA5D-F05518270CF5}.Release|Any CPU.ActiveCfg = Release|Any CPU
		{D50E3C25-7A0F-4602-BA5D-F05518270CF5}.Release|Any CPU.Build.0 = Release|Any CPU
		{9F6918DB-1148-42DD-8201-86FDE9204EFA}.Debug|Any CPU.ActiveCfg = Debug|Any CPU
		{9F6918DB-1148-42DD-8201-86FDE9204EFA}.Debug|Any CPU.Build.0 = Debug|Any CPU
		{9F6918DB-1148-42DD-8201-86FDE9204EFA}.Release|Any CPU.ActiveCfg = Release|Any CPU
		{9F6918DB-1148-42DD-8201-86FDE9204EFA}.Release|Any CPU.Build.0 = Release|Any CPU
		{9A820288-9F73-4294-9E27-C5924CF2020F}.Debug|Any CPU.ActiveCfg = Debug|Any CPU
		{9A820288-9F73-4294-9E27-C5924CF2020F}.Debug|Any CPU.Build.0 = Debug|Any CPU
		{9A820288-9F73-4294-9E27-C5924CF2020F}.Release|Any CPU.ActiveCfg = Release|Any CPU
		{9A820288-9F73-4294-9E27-C5924CF2020F}.Release|Any CPU.Build.0 = Release|Any CPU
		{22F1E16B-CCF2-459D-84E5-5A2C1CDA897C}.Debug|Any CPU.ActiveCfg = Debug|Any CPU
		{22F1E16B-CCF2-459D-84E5-5A2C1CDA897C}.Debug|Any CPU.Build.0 = Debug|Any CPU
		{22F1E16B-CCF2-459D-84E5-5A2C1CDA897C}.Release|Any CPU.ActiveCfg = Release|Any CPU
		{22F1E16B-CCF2-459D-84E5-5A2C1CDA897C}.Release|Any CPU.Build.0 = Release|Any CPU
		{66B74833-0F7E-47C4-A9A3-C8FAB3FD3CC1}.Debug|Any CPU.ActiveCfg = Debug|Any CPU
		{66B74833-0F7E-47C4-A9A3-C8FAB3FD3CC1}.Debug|Any CPU.Build.0 = Debug|Any CPU
		{66B74833-0F7E-47C4-A9A3-C8FAB3FD3CC1}.Release|Any CPU.ActiveCfg = Release|Any CPU
		{66B74833-0F7E-47C4-A9A3-C8FAB3FD3CC1}.Release|Any CPU.Build.0 = Release|Any CPU
	EndGlobalSection
EndGlobal
